
Microsoft Visual Studio Solution File, Format Version 12.00
# Visual Studio Version 16
VisualStudioVersion = 16.0.31129.286
MinimumVisualStudioVersion = 10.0.40219.1
Project("{9A19103F-16F7-4668-BE54-9A1E7A4F7556}") = "Snake", "Snake\Snake.csproj", "{B81C399B-5C64-44AB-B737-9708614E0082}"
EndProject
Project("{9A19103F-16F7-4668-BE54-9A1E7A4F7556}") = "Network", "Network\Network.csproj", "{787094DC-03A8-44A3-89A3-CA330F72A7CD}"
EndProject
Project("{9A19103F-16F7-4668-BE54-9A1E7A4F7556}") = "UserControls", "UserControls\UserControls.csproj", "{FCF9D1DC-B370-435D-B490-FBA424975906}"
EndProject
Project("{9A19103F-16F7-4668-BE54-9A1E7A4F7556}") = "Simulation", "Simulation\Simulation.csproj", "{E0398972-5963-4AFB-83F5-3043B970F7D4}"
EndProject
Project("{9A19103F-16F7-4668-BE54-9A1E7A4F7556}") = "Commons", "Commons\Commons.csproj", "{F8185CEE-2B02-4BD2-A2CE-0D3E89052685}"
EndProject
Project("{9A19103F-16F7-4668-BE54-9A1E7A4F7556}") = "DataAccessLibrary", "DatabaseAccess\DataAccessLibrary.csproj", "{838D3E99-A944-41D3-9232-B6015BC0B6C8}"
EndProject
Project("{00D1A9C2-B5F0-4AF3-8072-F6C62B433612}") = "SQL_DB", "SQL_DB\SQL_DB.sqlproj", "{C6AEECA2-E792-4337-AB95-37DCAD62017B}"
EndProject
Global
	GlobalSection(SolutionConfigurationPlatforms) = preSolution
		Debug|Any CPU = Debug|Any CPU
		Release|Any CPU = Release|Any CPU
	EndGlobalSection
	GlobalSection(ProjectConfigurationPlatforms) = postSolution
		{B81C399B-5C64-44AB-B737-9708614E0082}.Debug|Any CPU.ActiveCfg = Debug|Any CPU
		{B81C399B-5C64-44AB-B737-9708614E0082}.Debug|Any CPU.Build.0 = Debug|Any CPU
		{B81C399B-5C64-44AB-B737-9708614E0082}.Release|Any CPU.ActiveCfg = Release|Any CPU
		{B81C399B-5C64-44AB-B737-9708614E0082}.Release|Any CPU.Build.0 = Release|Any CPU
		{787094DC-03A8-44A3-89A3-CA330F72A7CD}.Debug|Any CPU.ActiveCfg = Debug|Any CPU
		{787094DC-03A8-44A3-89A3-CA330F72A7CD}.Debug|Any CPU.Build.0 = Debug|Any CPU
		{787094DC-03A8-44A3-89A3-CA330F72A7CD}.Release|Any CPU.ActiveCfg = Release|Any CPU
		{787094DC-03A8-44A3-89A3-CA330F72A7CD}.Release|Any CPU.Build.0 = Release|Any CPU
		{FCF9D1DC-B370-435D-B490-FBA424975906}.Debug|Any CPU.ActiveCfg = Debug|Any CPU
		{FCF9D1DC-B370-435D-B490-FBA424975906}.Debug|Any CPU.Build.0 = Debug|Any CPU
		{FCF9D1DC-B370-435D-B490-FBA424975906}.Release|Any CPU.ActiveCfg = Release|Any CPU
		{FCF9D1DC-B370-435D-B490-FBA424975906}.Release|Any CPU.Build.0 = Release|Any CPU
		{E0398972-5963-4AFB-83F5-3043B970F7D4}.Debug|Any CPU.ActiveCfg = Debug|Any CPU
		{E0398972-5963-4AFB-83F5-3043B970F7D4}.Debug|Any CPU.Build.0 = Debug|Any CPU
		{E0398972-5963-4AFB-83F5-3043B970F7D4}.Release|Any CPU.ActiveCfg = Release|Any CPU
		{E0398972-5963-4AFB-83F5-3043B970F7D4}.Release|Any CPU.Build.0 = Release|Any CPU
		{F8185CEE-2B02-4BD2-A2CE-0D3E89052685}.Debug|Any CPU.ActiveCfg = Debug|Any CPU
		{F8185CEE-2B02-4BD2-A2CE-0D3E89052685}.Debug|Any CPU.Build.0 = Debug|Any CPU
		{F8185CEE-2B02-4BD2-A2CE-0D3E89052685}.Release|Any CPU.ActiveCfg = Release|Any CPU
		{F8185CEE-2B02-4BD2-A2CE-0D3E89052685}.Release|Any CPU.Build.0 = Release|Any CPU
		{838D3E99-A944-41D3-9232-B6015BC0B6C8}.Debug|Any CPU.ActiveCfg = Debug|Any CPU
		{838D3E99-A944-41D3-9232-B6015BC0B6C8}.Debug|Any CPU.Build.0 = Debug|Any CPU
		{838D3E99-A944-41D3-9232-B6015BC0B6C8}.Release|Any CPU.ActiveCfg = Release|Any CPU
		{838D3E99-A944-41D3-9232-B6015BC0B6C8}.Release|Any CPU.Build.0 = Release|Any CPU
		{C6AEECA2-E792-4337-AB95-37DCAD62017B}.Debug|Any CPU.ActiveCfg = Debug|Any CPU
		{C6AEECA2-E792-4337-AB95-37DCAD62017B}.Debug|Any CPU.Build.0 = Debug|Any CPU
		{C6AEECA2-E792-4337-AB95-37DCAD62017B}.Debug|Any CPU.Deploy.0 = Debug|Any CPU
		{C6AEECA2-E792-4337-AB95-37DCAD62017B}.Release|Any CPU.ActiveCfg = Release|Any CPU
		{C6AEECA2-E792-4337-AB95-37DCAD62017B}.Release|Any CPU.Build.0 = Release|Any CPU
		{C6AEECA2-E792-4337-AB95-37DCAD62017B}.Release|Any CPU.Deploy.0 = Release|Any CPU
	EndGlobalSection
	GlobalSection(SolutionProperties) = preSolution
		HideSolutionNode = FALSE
	EndGlobalSection
	GlobalSection(ExtensibilityGlobals) = postSolution
		SolutionGuid = {E096B0C1-0AA9-477A-9C62-9F95789A7495}
	EndGlobalSection
EndGlobal
